
Microsoft Visual Studio Solution File, Format Version 12.00
Project("{FAE04EC0-301F-11D3-BF4B-00C04F79EFBC}") = "Runerok", "Runerok\Runerok.csproj", "{785046BB-EA5D-44E3-ABDE-E647221AFC8C}"
EndProject
Global
	GlobalSection(SolutionConfigurationPlatforms) = preSolution
		Debug|Any CPU = Debug|Any CPU
		Release|Any CPU = Release|Any CPU
	EndGlobalSection
	GlobalSection(ProjectConfigurationPlatforms) = postSolution
		{785046BB-EA5D-44E3-ABDE-E647221AFC8C}.Debug|Any CPU.ActiveCfg = Debug|Any CPU
		{785046BB-EA5D-44E3-ABDE-E647221AFC8C}.Debug|Any CPU.Build.0 = Debug|Any CPU
		{785046BB-EA5D-44E3-ABDE-E647221AFC8C}.Release|Any CPU.ActiveCfg = Release|Any CPU
		{785046BB-EA5D-44E3-ABDE-E647221AFC8C}.Release|Any CPU.Build.0 = Release|Any CPU
	EndGlobalSection
EndGlobal
